
Microsoft Visual Studio Solution File, Format Version 12.00
# Visual Studio Version 17
VisualStudioVersion = 17.7.34009.444
MinimumVisualStudioVersion = 10.0.40219.1
Project("{FAE04EC0-301F-11D3-BF4B-00C04F79EFBC}") = "3Uzduotis_UnitTesting_Switch", "3Uzduotis_UnitTesting_Switch\3Uzduotis_UnitTesting_Switch.csproj", "{C5584B78-0435-4372-8D3F-18AC62B6BAAD}"
EndProject
Project("{FAE04EC0-301F-11D3-BF4B-00C04F79EFBC}") = "Test_3Uzduotis_Switch", "Test_3Uzduotis_Switch\Test_3Uzduotis_Switch.csproj", "{8C00C902-962B-4452-A04B-A4DD976A3CC3}"
EndProject
Global
	GlobalSection(SolutionConfigurationPlatforms) = preSolution
		Debug|Any CPU = Debug|Any CPU
		Release|Any CPU = Release|Any CPU
	EndGlobalSection
	GlobalSection(ProjectConfigurationPlatforms) = postSolution
		{C5584B78-0435-4372-8D3F-18AC62B6BAAD}.Debug|Any CPU.ActiveCfg = Debug|Any CPU
		{C5584B78-0435-4372-8D3F-18AC62B6BAAD}.Debug|Any CPU.Build.0 = Debug|Any CPU
		{C5584B78-0435-4372-8D3F-18AC62B6BAAD}.Release|Any CPU.ActiveCfg = Release|Any CPU
		{C5584B78-0435-4372-8D3F-18AC62B6BAAD}.Release|Any CPU.Build.0 = Release|Any CPU
		{8C00C902-962B-4452-A04B-A4DD976A3CC3}.Debug|Any CPU.ActiveCfg = Debug|Any CPU
		{8C00C902-962B-4452-A04B-A4DD976A3CC3}.Debug|Any CPU.Build.0 = Debug|Any CPU
		{8C00C902-962B-4452-A04B-A4DD976A3CC3}.Release|Any CPU.ActiveCfg = Release|Any CPU
		{8C00C902-962B-4452-A04B-A4DD976A3CC3}.Release|Any CPU.Build.0 = Release|Any CPU
	EndGlobalSection
	GlobalSection(SolutionProperties) = preSolution
		HideSolutionNode = FALSE
	EndGlobalSection
	GlobalSection(ExtensibilityGlobals) = postSolution
		SolutionGuid = {98F0FB65-9CED-4B0B-8DE0-63310D314617}
	EndGlobalSection
EndGlobal
